
Microsoft Visual Studio Solution File, Format Version 12.00
# Visual Studio Version 17
VisualStudioVersion = 17.9.34714.143
MinimumVisualStudioVersion = 10.0.40219.1
Project("{2150E333-8FDC-42A3-9474-1A3956D46DE8}") = "AIDomain", "AIDomain", "{6ED14AAC-857B-4A99-8AD3-1867D9BEBCF2}"
EndProject
Project("{2150E333-8FDC-42A3-9474-1A3956D46DE8}") = "UsersDomain", "UsersDomain", "{EC9C80E0-6127-4C96-AB43-2E7C80FFBBCC}"
EndProject
Project("{2150E333-8FDC-42A3-9474-1A3956D46DE8}") = "SecurityDomain", "SecurityDomain", "{9EF046E8-EDBF-437D-9D6C-A8AE9CD3EB57}"
EndProject
Project("{2150E333-8FDC-42A3-9474-1A3956D46DE8}") = "LearningDomain", "LearningDomain", "{E00D9038-4E23-4CB6-B905-B2428A71BA22}"
EndProject
Project("{2150E333-8FDC-42A3-9474-1A3956D46DE8}") = "Core", "Core", "{6D9952B9-F6C5-4BFA-A072-2B86E27067B6}"
EndProject
Project("{2150E333-8FDC-42A3-9474-1A3956D46DE8}") = "Repository", "Repository", "{E9B9D868-4319-4AAC-8053-F095F9FCA094}"
EndProject
Project("{2150E333-8FDC-42A3-9474-1A3956D46DE8}") = "Services", "Services", "{227A4742-8A7C-421C-AB84-3B92ACBE0FEB}"
EndProject
Project("{2150E333-8FDC-42A3-9474-1A3956D46DE8}") = "Api", "Api", "{ABA4E544-9FDB-4FB6-B9E3-4368D0F52A1A}"
EndProject
Project("{2150E333-8FDC-42A3-9474-1A3956D46DE8}") = "Api", "Api", "{227EFF52-7F3A-4867-830F-2A8D2C43C13D}"
EndProject
Project("{2150E333-8FDC-42A3-9474-1A3956D46DE8}") = "Repository", "Repository", "{5589D3B0-4981-4FF1-A035-FC44D3932976}"
EndProject
Project("{2150E333-8FDC-42A3-9474-1A3956D46DE8}") = "Services", "Services", "{825F4CD0-16BF-4AA1-8665-690A848E807E}"
EndProject
Project("{2150E333-8FDC-42A3-9474-1A3956D46DE8}") = "Api", "Api", "{1A6C7620-A92D-4CBA-914D-D5C7F8ABB1A2}"
EndProject
Project("{2150E333-8FDC-42A3-9474-1A3956D46DE8}") = "Repository", "Repository", "{D51EB835-CB1A-4538-B4FB-199269C5120E}"
EndProject
Project("{2150E333-8FDC-42A3-9474-1A3956D46DE8}") = "Services", "Services", "{D5224A64-1461-4A50-9DAF-A181EEAF4796}"
EndProject
Project("{2150E333-8FDC-42A3-9474-1A3956D46DE8}") = "Services", "Services", "{EDC33DE4-89DB-4C7C-ADD2-60A872D10B45}"
EndProject
Project("{2150E333-8FDC-42A3-9474-1A3956D46DE8}") = "Console", "Console", "{3CBF27EB-99E0-4961-8447-85765850A33D}"
EndProject
Project("{9A19103F-16F7-4668-BE54-9A1E7A4F7556}") = "Learn.Security.Repository", "SecurityDomain\Learn.Security.Repository\Learn.Security.Repository.csproj", "{579BD998-D668-4DD0-A073-EE32BC90EAB4}"
EndProject
Project("{9A19103F-16F7-4668-BE54-9A1E7A4F7556}") = "Learn.Security.Services", "SecurityDomain\Learn.Security.Services\Learn.Security.Services.csproj", "{BE78607D-9B6B-4187-8673-1D5FA7A87791}"
EndProject
Project("{9A19103F-16F7-4668-BE54-9A1E7A4F7556}") = "Learn.Learning.Api", "LearningDomain\Learn.Learning.Api\Learn.Learning.Api.csproj", "{6C87283C-B5F8-4B6B-83D2-29CB91FACAD5}"
EndProject
Project("{9A19103F-16F7-4668-BE54-9A1E7A4F7556}") = "Learn.Security.Api", "SecurityDomain\Learn.Security.Api\Learn.Security.Api.csproj", "{F6820A4C-382F-472C-9ECF-4A9FF04C7F1C}"
EndProject
Project("{9A19103F-16F7-4668-BE54-9A1E7A4F7556}") = "Learn.Users.Api", "UsersDomain\Learn.Users.Api\Learn.Users.Api.csproj", "{4E7D0C8E-5C2A-4C67-901D-EBC480E45053}"
EndProject
Project("{9A19103F-16F7-4668-BE54-9A1E7A4F7556}") = "Learn.Users.Repository", "UsersDomain\Learn.Users.Repository\Learn.Users.Repository.csproj", "{943647B9-8152-4A51-A79D-DDE78306BBCB}"
EndProject
Project("{9A19103F-16F7-4668-BE54-9A1E7A4F7556}") = "Learn.AI.Services", "AIDomain\Learn.AI.Services\Learn.AI.Services.csproj", "{63110ABF-B610-4174-9551-E60011715FCB}"
EndProject
Project("{2150E333-8FDC-42A3-9474-1A3956D46DE8}") = "Api", "Api", "{8F958911-D347-4DDF-8980-227A2FA38D77}"
EndProject
Project("{2150E333-8FDC-42A3-9474-1A3956D46DE8}") = "Shared", "Shared", "{AFACF904-CB59-4D02-BAC3-A6CEEFF910BD}"
EndProject
Project("{2150E333-8FDC-42A3-9474-1A3956D46DE8}") = "Server", "Server", "{254BCCE4-4AA8-4E71-B133-E9CF5CA413DD}"
EndProject
Project("{2150E333-8FDC-42A3-9474-1A3956D46DE8}") = "Repository", "Repository", "{874718D6-7F1A-4E5A-96ED-3887E38C221F}"
EndProject
Project("{9A19103F-16F7-4668-BE54-9A1E7A4F7556}") = "Learn.AI.Api", "AIDomain\Learn.AI.Api\Learn.AI.Api.csproj", "{B36ABF9D-195D-4E60-81CD-6A29F736C8CD}"
EndProject
Project("{9A19103F-16F7-4668-BE54-9A1E7A4F7556}") = "Learn.AI.Repository", "AIDomain\Learn.AI.Repository\Learn.AI.Repository.csproj", "{867CBD7E-5A7C-46EE-8207-AFE33DF0CAD5}"
EndProject
Project("{2150E333-8FDC-42A3-9474-1A3956D46DE8}") = "Server", "Server", "{F7DEE72A-2C25-4E74-B740-F1671197D947}"
EndProject
Project("{2150E333-8FDC-42A3-9474-1A3956D46DE8}") = "Shared", "Shared", "{17D8F2A0-C3D2-4C66-9597-6D762C5AA9DF}"
EndProject
Project("{2150E333-8FDC-42A3-9474-1A3956D46DE8}") = "Server", "Server", "{5D02ABA7-57ED-47A9-8DFD-F6A4231CC27E}"
EndProject
Project("{2150E333-8FDC-42A3-9474-1A3956D46DE8}") = "Server", "Server", "{509D1F48-6350-4E90-985F-C8C3C2A0248D}"
EndProject
Project("{2150E333-8FDC-42A3-9474-1A3956D46DE8}") = "Shared", "Shared", "{DC7DBC12-C8EF-414F-94FD-91135BAB1DA8}"
EndProject
Project("{2150E333-8FDC-42A3-9474-1A3956D46DE8}") = "Shared", "Shared", "{7B4FB98E-F648-497E-BABE-75736CD54ACC}"
EndProject
Project("{9A19103F-16F7-4668-BE54-9A1E7A4F7556}") = "Learn.AI.Models", "AIDomain\Learn.AI.Models\Learn.AI.Models.csproj", "{C6C171D1-E316-4132-91ED-70E0D039B58B}"
EndProject
Project("{9A19103F-16F7-4668-BE54-9A1E7A4F7556}") = "Learn.AI.Client", "AIDomain\Learn.AI.Client\Learn.AI.Client.csproj", "{A4B5F4FE-1A03-4F66-B11E-92EFBE40F315}"
EndProject
Project("{9A19103F-16F7-4668-BE54-9A1E7A4F7556}") = "Learn.Core.Shared", "Core\Learn.Core.Shared\Learn.Core.Shared.csproj", "{5925B9BE-9DE9-4E22-A9D9-CAF4130E2A37}"
EndProject
Project("{9A19103F-16F7-4668-BE54-9A1E7A4F7556}") = "Learn.Users.Services", "UsersDomain\Learn.Users.Services\Learn.Users.Services.csproj", "{69CE48FB-BFD2-45FC-B435-4DC50E057CEA}"
EndProject
Project("{9A19103F-16F7-4668-BE54-9A1E7A4F7556}") = "Learn.Learning.Client", "LearningDomain\Learn.Learning.Client\Learn.Learning.Client.csproj", "{78D3EB64-B0C4-401A-A057-BD2CD9FA5C31}"
EndProject
Project("{9A19103F-16F7-4668-BE54-9A1E7A4F7556}") = "Learn.Learning.Repository", "LearningDomain\Learn.Learning.Repository\Learn.Learning.Repository.csproj", "{3715B9B1-2B7B-4897-AEEB-9160F3F66D44}"
EndProject
Project("{9A19103F-16F7-4668-BE54-9A1E7A4F7556}") = "Learn.Learning.Services", "LearningDomain\Learn.Learning.Services\Learn.Learning.Services.csproj", "{030B8E6F-8FB3-4E92-BDCB-A02448D3C64A}"
EndProject
Project("{9A19103F-16F7-4668-BE54-9A1E7A4F7556}") = "Learn.Security.Models", "SecurityDomain\Learn.Security.Models\Learn.Security.Models.csproj", "{47CD3EF8-EC70-483A-BD32-B16931545B87}"
EndProject
Project("{9A19103F-16F7-4668-BE54-9A1E7A4F7556}") = "Learn.Security.Client", "SecurityDomain\Learn.Security.Client\Learn.Security.Client.csproj", "{AD8F1239-C293-4D09-A569-74FAF6469FAA}"
EndProject
Project("{9A19103F-16F7-4668-BE54-9A1E7A4F7556}") = "Learn.Users.Models", "UsersDomain\Learn.Users.Models\Learn.Users.Models.csproj", "{A78655EE-4833-491E-96B6-904AB0DF9D9D}"
EndProject
Project("{9A19103F-16F7-4668-BE54-9A1E7A4F7556}") = "Learn.Users.Client", "UsersDomain\Learn.Users.Client\Learn.Users.Client.csproj", "{21D2C3FD-1A40-4134-90F1-B6A27F5F4292}"
EndProject
Project("{9A19103F-16F7-4668-BE54-9A1E7A4F7556}") = "Learn.AI.Console", "AIDomain\Learn.AI.Console\Learn.AI.Console.csproj", "{4832D970-0CA4-4039-B932-7AB68142D0A5}"
EndProject
Project("{9A19103F-16F7-4668-BE54-9A1E7A4F7556}") = "Learn.Learning.Models", "LearningDomain\Learn.Learning.Models\Learn.Learning.Models.csproj", "{3707613A-426D-4D24-8EDC-F00A02415C69}"
EndProject
Project("{9A19103F-16F7-4668-BE54-9A1E7A4F7556}") = "Learn.AI.Repository.MongoDb", "AIDomain\Learn.AI.Repository.MongoDb\Learn.AI.Repository.MongoDb.csproj", "{2C3038FD-0511-40F6-9AD3-510397CFA6C9}"
EndProject
Project("{9A19103F-16F7-4668-BE54-9A1E7A4F7556}") = "Learn.Core.Api", "Core\Lear.Core.Api\Learn.Core.Api.csproj", "{13C531EC-8B5B-452D-B858-C199D902F4D3}"
EndProject
Project("{FAE04EC0-301F-11D3-BF4B-00C04F79EFBC}") = "Learn.Learning.Repository.MongoDb", "LearningDomain\Learn.Learning.Repository.MongoDb\Learn.Learning.Repository.MongoDb.csproj", "{A4B5CB8B-747E-4239-816D-06D2820A109E}"
EndProject
Global
	GlobalSection(SolutionConfigurationPlatforms) = preSolution
		Debug|Any CPU = Debug|Any CPU
		Release|Any CPU = Release|Any CPU
	EndGlobalSection
	GlobalSection(ProjectConfigurationPlatforms) = postSolution
		{579BD998-D668-4DD0-A073-EE32BC90EAB4}.Debug|Any CPU.ActiveCfg = Debug|Any CPU
		{579BD998-D668-4DD0-A073-EE32BC90EAB4}.Debug|Any CPU.Build.0 = Debug|Any CPU
		{579BD998-D668-4DD0-A073-EE32BC90EAB4}.Release|Any CPU.ActiveCfg = Release|Any CPU
		{579BD998-D668-4DD0-A073-EE32BC90EAB4}.Release|Any CPU.Build.0 = Release|Any CPU
		{BE78607D-9B6B-4187-8673-1D5FA7A87791}.Debug|Any CPU.ActiveCfg = Debug|Any CPU
		{BE78607D-9B6B-4187-8673-1D5FA7A87791}.Debug|Any CPU.Build.0 = Debug|Any CPU
		{BE78607D-9B6B-4187-8673-1D5FA7A87791}.Release|Any CPU.ActiveCfg = Release|Any CPU
		{BE78607D-9B6B-4187-8673-1D5FA7A87791}.Release|Any CPU.Build.0 = Release|Any CPU
		{6C87283C-B5F8-4B6B-83D2-29CB91FACAD5}.Debug|Any CPU.ActiveCfg = Debug|Any CPU
		{6C87283C-B5F8-4B6B-83D2-29CB91FACAD5}.Debug|Any CPU.Build.0 = Debug|Any CPU
		{6C87283C-B5F8-4B6B-83D2-29CB91FACAD5}.Release|Any CPU.ActiveCfg = Release|Any CPU
		{6C87283C-B5F8-4B6B-83D2-29CB91FACAD5}.Release|Any CPU.Build.0 = Release|Any CPU
		{F6820A4C-382F-472C-9ECF-4A9FF04C7F1C}.Debug|Any CPU.ActiveCfg = Debug|Any CPU
		{F6820A4C-382F-472C-9ECF-4A9FF04C7F1C}.Debug|Any CPU.Build.0 = Debug|Any CPU
		{F6820A4C-382F-472C-9ECF-4A9FF04C7F1C}.Release|Any CPU.ActiveCfg = Release|Any CPU
		{F6820A4C-382F-472C-9ECF-4A9FF04C7F1C}.Release|Any CPU.Build.0 = Release|Any CPU
		{4E7D0C8E-5C2A-4C67-901D-EBC480E45053}.Debug|Any CPU.ActiveCfg = Debug|Any CPU
		{4E7D0C8E-5C2A-4C67-901D-EBC480E45053}.Debug|Any CPU.Build.0 = Debug|Any CPU
		{4E7D0C8E-5C2A-4C67-901D-EBC480E45053}.Release|Any CPU.ActiveCfg = Release|Any CPU
		{4E7D0C8E-5C2A-4C67-901D-EBC480E45053}.Release|Any CPU.Build.0 = Release|Any CPU
		{943647B9-8152-4A51-A79D-DDE78306BBCB}.Debug|Any CPU.ActiveCfg = Debug|Any CPU
		{943647B9-8152-4A51-A79D-DDE78306BBCB}.Debug|Any CPU.Build.0 = Debug|Any CPU
		{943647B9-8152-4A51-A79D-DDE78306BBCB}.Release|Any CPU.ActiveCfg = Release|Any CPU
		{943647B9-8152-4A51-A79D-DDE78306BBCB}.Release|Any CPU.Build.0 = Release|Any CPU
		{63110ABF-B610-4174-9551-E60011715FCB}.Debug|Any CPU.ActiveCfg = Debug|Any CPU
		{63110ABF-B610-4174-9551-E60011715FCB}.Debug|Any CPU.Build.0 = Debug|Any CPU
		{63110ABF-B610-4174-9551-E60011715FCB}.Release|Any CPU.ActiveCfg = Release|Any CPU
		{63110ABF-B610-4174-9551-E60011715FCB}.Release|Any CPU.Build.0 = Release|Any CPU
		{B36ABF9D-195D-4E60-81CD-6A29F736C8CD}.Debug|Any CPU.ActiveCfg = Debug|Any CPU
		{B36ABF9D-195D-4E60-81CD-6A29F736C8CD}.Debug|Any CPU.Build.0 = Debug|Any CPU
		{B36ABF9D-195D-4E60-81CD-6A29F736C8CD}.Release|Any CPU.ActiveCfg = Release|Any CPU
		{B36ABF9D-195D-4E60-81CD-6A29F736C8CD}.Release|Any CPU.Build.0 = Release|Any CPU
		{867CBD7E-5A7C-46EE-8207-AFE33DF0CAD5}.Debug|Any CPU.ActiveCfg = Debug|Any CPU
		{867CBD7E-5A7C-46EE-8207-AFE33DF0CAD5}.Debug|Any CPU.Build.0 = Debug|Any CPU
		{867CBD7E-5A7C-46EE-8207-AFE33DF0CAD5}.Release|Any CPU.ActiveCfg = Release|Any CPU
		{867CBD7E-5A7C-46EE-8207-AFE33DF0CAD5}.Release|Any CPU.Build.0 = Release|Any CPU
		{C6C171D1-E316-4132-91ED-70E0D039B58B}.Debug|Any CPU.ActiveCfg = Debug|Any CPU
		{C6C171D1-E316-4132-91ED-70E0D039B58B}.Debug|Any CPU.Build.0 = Debug|Any CPU
		{C6C171D1-E316-4132-91ED-70E0D039B58B}.Release|Any CPU.ActiveCfg = Release|Any CPU
		{C6C171D1-E316-4132-91ED-70E0D039B58B}.Release|Any CPU.Build.0 = Release|Any CPU
		{A4B5F4FE-1A03-4F66-B11E-92EFBE40F315}.Debug|Any CPU.ActiveCfg = Debug|Any CPU
		{A4B5F4FE-1A03-4F66-B11E-92EFBE40F315}.Debug|Any CPU.Build.0 = Debug|Any CPU
		{A4B5F4FE-1A03-4F66-B11E-92EFBE40F315}.Release|Any CPU.ActiveCfg = Release|Any CPU
		{A4B5F4FE-1A03-4F66-B11E-92EFBE40F315}.Release|Any CPU.Build.0 = Release|Any CPU
		{5925B9BE-9DE9-4E22-A9D9-CAF4130E2A37}.Debug|Any CPU.ActiveCfg = Debug|Any CPU
		{5925B9BE-9DE9-4E22-A9D9-CAF4130E2A37}.Debug|Any CPU.Build.0 = Debug|Any CPU
		{5925B9BE-9DE9-4E22-A9D9-CAF4130E2A37}.Release|Any CPU.ActiveCfg = Release|Any CPU
		{5925B9BE-9DE9-4E22-A9D9-CAF4130E2A37}.Release|Any CPU.Build.0 = Release|Any CPU
		{69CE48FB-BFD2-45FC-B435-4DC50E057CEA}.Debug|Any CPU.ActiveCfg = Debug|Any CPU
		{69CE48FB-BFD2-45FC-B435-4DC50E057CEA}.Debug|Any CPU.Build.0 = Debug|Any CPU
		{69CE48FB-BFD2-45FC-B435-4DC50E057CEA}.Release|Any CPU.ActiveCfg = Release|Any CPU
		{69CE48FB-BFD2-45FC-B435-4DC50E057CEA}.Release|Any CPU.Build.0 = Release|Any CPU
		{78D3EB64-B0C4-401A-A057-BD2CD9FA5C31}.Debug|Any CPU.ActiveCfg = Debug|Any CPU
		{78D3EB64-B0C4-401A-A057-BD2CD9FA5C31}.Debug|Any CPU.Build.0 = Debug|Any CPU
		{78D3EB64-B0C4-401A-A057-BD2CD9FA5C31}.Release|Any CPU.ActiveCfg = Release|Any CPU
		{78D3EB64-B0C4-401A-A057-BD2CD9FA5C31}.Release|Any CPU.Build.0 = Release|Any CPU
		{3715B9B1-2B7B-4897-AEEB-9160F3F66D44}.Debug|Any CPU.ActiveCfg = Debug|Any CPU
		{3715B9B1-2B7B-4897-AEEB-9160F3F66D44}.Debug|Any CPU.Build.0 = Debug|Any CPU
		{3715B9B1-2B7B-4897-AEEB-9160F3F66D44}.Release|Any CPU.ActiveCfg = Release|Any CPU
		{3715B9B1-2B7B-4897-AEEB-9160F3F66D44}.Release|Any CPU.Build.0 = Release|Any CPU
		{030B8E6F-8FB3-4E92-BDCB-A02448D3C64A}.Debug|Any CPU.ActiveCfg = Debug|Any CPU
		{030B8E6F-8FB3-4E92-BDCB-A02448D3C64A}.Debug|Any CPU.Build.0 = Debug|Any CPU
		{030B8E6F-8FB3-4E92-BDCB-A02448D3C64A}.Release|Any CPU.ActiveCfg = Release|Any CPU
		{030B8E6F-8FB3-4E92-BDCB-A02448D3C64A}.Release|Any CPU.Build.0 = Release|Any CPU
		{47CD3EF8-EC70-483A-BD32-B16931545B87}.Debug|Any CPU.ActiveCfg = Debug|Any CPU
		{47CD3EF8-EC70-483A-BD32-B16931545B87}.Debug|Any CPU.Build.0 = Debug|Any CPU
		{47CD3EF8-EC70-483A-BD32-B16931545B87}.Release|Any CPU.ActiveCfg = Release|Any CPU
		{47CD3EF8-EC70-483A-BD32-B16931545B87}.Release|Any CPU.Build.0 = Release|Any CPU
		{AD8F1239-C293-4D09-A569-74FAF6469FAA}.Debug|Any CPU.ActiveCfg = Debug|Any CPU
		{AD8F1239-C293-4D09-A569-74FAF6469FAA}.Debug|Any CPU.Build.0 = Debug|Any CPU
		{AD8F1239-C293-4D09-A569-74FAF6469FAA}.Release|Any CPU.ActiveCfg = Release|Any CPU
		{AD8F1239-C293-4D09-A569-74FAF6469FAA}.Release|Any CPU.Build.0 = Release|Any CPU
		{A78655EE-4833-491E-96B6-904AB0DF9D9D}.Debug|Any CPU.ActiveCfg = Debug|Any CPU
		{A78655EE-4833-491E-96B6-904AB0DF9D9D}.Debug|Any CPU.Build.0 = Debug|Any CPU
		{A78655EE-4833-491E-96B6-904AB0DF9D9D}.Release|Any CPU.ActiveCfg = Release|Any CPU
		{A78655EE-4833-491E-96B6-904AB0DF9D9D}.Release|Any CPU.Build.0 = Release|Any CPU
		{21D2C3FD-1A40-4134-90F1-B6A27F5F4292}.Debug|Any CPU.ActiveCfg = Debug|Any CPU
		{21D2C3FD-1A40-4134-90F1-B6A27F5F4292}.Debug|Any CPU.Build.0 = Debug|Any CPU
		{21D2C3FD-1A40-4134-90F1-B6A27F5F4292}.Release|Any CPU.ActiveCfg = Release|Any CPU
		{21D2C3FD-1A40-4134-90F1-B6A27F5F4292}.Release|Any CPU.Build.0 = Release|Any CPU
		{4832D970-0CA4-4039-B932-7AB68142D0A5}.Debug|Any CPU.ActiveCfg = Debug|Any CPU
		{4832D970-0CA4-4039-B932-7AB68142D0A5}.Debug|Any CPU.Build.0 = Debug|Any CPU
		{4832D970-0CA4-4039-B932-7AB68142D0A5}.Release|Any CPU.ActiveCfg = Release|Any CPU
		{4832D970-0CA4-4039-B932-7AB68142D0A5}.Release|Any CPU.Build.0 = Release|Any CPU
		{3707613A-426D-4D24-8EDC-F00A02415C69}.Debug|Any CPU.ActiveCfg = Debug|Any CPU
		{3707613A-426D-4D24-8EDC-F00A02415C69}.Debug|Any CPU.Build.0 = Debug|Any CPU
		{3707613A-426D-4D24-8EDC-F00A02415C69}.Release|Any CPU.ActiveCfg = Release|Any CPU
		{3707613A-426D-4D24-8EDC-F00A02415C69}.Release|Any CPU.Build.0 = Release|Any CPU
		{2C3038FD-0511-40F6-9AD3-510397CFA6C9}.Debug|Any CPU.ActiveCfg = Debug|Any CPU
		{2C3038FD-0511-40F6-9AD3-510397CFA6C9}.Debug|Any CPU.Build.0 = Debug|Any CPU
		{2C3038FD-0511-40F6-9AD3-510397CFA6C9}.Release|Any CPU.ActiveCfg = Release|Any CPU
		{2C3038FD-0511-40F6-9AD3-510397CFA6C9}.Release|Any CPU.Build.0 = Release|Any CPU
		{13C531EC-8B5B-452D-B858-C199D902F4D3}.Debug|Any CPU.ActiveCfg = Debug|Any CPU
		{13C531EC-8B5B-452D-B858-C199D902F4D3}.Debug|Any CPU.Build.0 = Debug|Any CPU
		{13C531EC-8B5B-452D-B858-C199D902F4D3}.Release|Any CPU.ActiveCfg = Release|Any CPU
		{13C531EC-8B5B-452D-B858-C199D902F4D3}.Release|Any CPU.Build.0 = Release|Any CPU
		{A4B5CB8B-747E-4239-816D-06D2820A109E}.Debug|Any CPU.ActiveCfg = Debug|Any CPU
		{A4B5CB8B-747E-4239-816D-06D2820A109E}.Debug|Any CPU.Build.0 = Debug|Any CPU
		{A4B5CB8B-747E-4239-816D-06D2820A109E}.Release|Any CPU.ActiveCfg = Release|Any CPU
		{A4B5CB8B-747E-4239-816D-06D2820A109E}.Release|Any CPU.Build.0 = Release|Any CPU
	EndGlobalSection
	GlobalSection(SolutionProperties) = preSolution
		HideSolutionNode = FALSE
	EndGlobalSection
	GlobalSection(NestedProjects) = preSolution
		{E9B9D868-4319-4AAC-8053-F095F9FCA094} = {F7DEE72A-2C25-4E74-B740-F1671197D947}
		{227A4742-8A7C-421C-AB84-3B92ACBE0FEB} = {F7DEE72A-2C25-4E74-B740-F1671197D947}
		{ABA4E544-9FDB-4FB6-B9E3-4368D0F52A1A} = {F7DEE72A-2C25-4E74-B740-F1671197D947}
		{227EFF52-7F3A-4867-830F-2A8D2C43C13D} = {5D02ABA7-57ED-47A9-8DFD-F6A4231CC27E}
		{5589D3B0-4981-4FF1-A035-FC44D3932976} = {5D02ABA7-57ED-47A9-8DFD-F6A4231CC27E}
		{825F4CD0-16BF-4AA1-8665-690A848E807E} = {5D02ABA7-57ED-47A9-8DFD-F6A4231CC27E}
		{1A6C7620-A92D-4CBA-914D-D5C7F8ABB1A2} = {509D1F48-6350-4E90-985F-C8C3C2A0248D}
		{D51EB835-CB1A-4538-B4FB-199269C5120E} = {509D1F48-6350-4E90-985F-C8C3C2A0248D}
		{D5224A64-1461-4A50-9DAF-A181EEAF4796} = {509D1F48-6350-4E90-985F-C8C3C2A0248D}
		{EDC33DE4-89DB-4C7C-ADD2-60A872D10B45} = {254BCCE4-4AA8-4E71-B133-E9CF5CA413DD}
		{3CBF27EB-99E0-4961-8447-85765850A33D} = {6ED14AAC-857B-4A99-8AD3-1867D9BEBCF2}
		{579BD998-D668-4DD0-A073-EE32BC90EAB4} = {5589D3B0-4981-4FF1-A035-FC44D3932976}
		{BE78607D-9B6B-4187-8673-1D5FA7A87791} = {825F4CD0-16BF-4AA1-8665-690A848E807E}
		{6C87283C-B5F8-4B6B-83D2-29CB91FACAD5} = {ABA4E544-9FDB-4FB6-B9E3-4368D0F52A1A}
		{F6820A4C-382F-472C-9ECF-4A9FF04C7F1C} = {227EFF52-7F3A-4867-830F-2A8D2C43C13D}
		{4E7D0C8E-5C2A-4C67-901D-EBC480E45053} = {1A6C7620-A92D-4CBA-914D-D5C7F8ABB1A2}
		{943647B9-8152-4A51-A79D-DDE78306BBCB} = {D51EB835-CB1A-4538-B4FB-199269C5120E}
		{63110ABF-B610-4174-9551-E60011715FCB} = {EDC33DE4-89DB-4C7C-ADD2-60A872D10B45}
		{8F958911-D347-4DDF-8980-227A2FA38D77} = {254BCCE4-4AA8-4E71-B133-E9CF5CA413DD}
		{AFACF904-CB59-4D02-BAC3-A6CEEFF910BD} = {6ED14AAC-857B-4A99-8AD3-1867D9BEBCF2}
		{254BCCE4-4AA8-4E71-B133-E9CF5CA413DD} = {6ED14AAC-857B-4A99-8AD3-1867D9BEBCF2}
		{874718D6-7F1A-4E5A-96ED-3887E38C221F} = {254BCCE4-4AA8-4E71-B133-E9CF5CA413DD}
		{B36ABF9D-195D-4E60-81CD-6A29F736C8CD} = {8F958911-D347-4DDF-8980-227A2FA38D77}
		{867CBD7E-5A7C-46EE-8207-AFE33DF0CAD5} = {874718D6-7F1A-4E5A-96ED-3887E38C221F}
		{F7DEE72A-2C25-4E74-B740-F1671197D947} = {E00D9038-4E23-4CB6-B905-B2428A71BA22}
		{17D8F2A0-C3D2-4C66-9597-6D762C5AA9DF} = {E00D9038-4E23-4CB6-B905-B2428A71BA22}
		{5D02ABA7-57ED-47A9-8DFD-F6A4231CC27E} = {9EF046E8-EDBF-437D-9D6C-A8AE9CD3EB57}
		{509D1F48-6350-4E90-985F-C8C3C2A0248D} = {EC9C80E0-6127-4C96-AB43-2E7C80FFBBCC}
		{DC7DBC12-C8EF-414F-94FD-91135BAB1DA8} = {9EF046E8-EDBF-437D-9D6C-A8AE9CD3EB57}
		{7B4FB98E-F648-497E-BABE-75736CD54ACC} = {EC9C80E0-6127-4C96-AB43-2E7C80FFBBCC}
		{C6C171D1-E316-4132-91ED-70E0D039B58B} = {AFACF904-CB59-4D02-BAC3-A6CEEFF910BD}
		{A4B5F4FE-1A03-4F66-B11E-92EFBE40F315} = {AFACF904-CB59-4D02-BAC3-A6CEEFF910BD}
		{5925B9BE-9DE9-4E22-A9D9-CAF4130E2A37} = {6D9952B9-F6C5-4BFA-A072-2B86E27067B6}
		{69CE48FB-BFD2-45FC-B435-4DC50E057CEA} = {D5224A64-1461-4A50-9DAF-A181EEAF4796}
		{78D3EB64-B0C4-401A-A057-BD2CD9FA5C31} = {17D8F2A0-C3D2-4C66-9597-6D762C5AA9DF}
		{3715B9B1-2B7B-4897-AEEB-9160F3F66D44} = {E9B9D868-4319-4AAC-8053-F095F9FCA094}
		{030B8E6F-8FB3-4E92-BDCB-A02448D3C64A} = {227A4742-8A7C-421C-AB84-3B92ACBE0FEB}
		{47CD3EF8-EC70-483A-BD32-B16931545B87} = {DC7DBC12-C8EF-414F-94FD-91135BAB1DA8}
		{AD8F1239-C293-4D09-A569-74FAF6469FAA} = {DC7DBC12-C8EF-414F-94FD-91135BAB1DA8}
		{A78655EE-4833-491E-96B6-904AB0DF9D9D} = {7B4FB98E-F648-497E-BABE-75736CD54ACC}
		{21D2C3FD-1A40-4134-90F1-B6A27F5F4292} = {7B4FB98E-F648-497E-BABE-75736CD54ACC}
		{4832D970-0CA4-4039-B932-7AB68142D0A5} = {3CBF27EB-99E0-4961-8447-85765850A33D}
		{3707613A-426D-4D24-8EDC-F00A02415C69} = {17D8F2A0-C3D2-4C66-9597-6D762C5AA9DF}
		{2C3038FD-0511-40F6-9AD3-510397CFA6C9} = {874718D6-7F1A-4E5A-96ED-3887E38C221F}
		{13C531EC-8B5B-452D-B858-C199D902F4D3} = {6D9952B9-F6C5-4BFA-A072-2B86E27067B6}
		{A4B5CB8B-747E-4239-816D-06D2820A109E} = {E9B9D868-4319-4AAC-8053-F095F9FCA094}
	EndGlobalSection
	GlobalSection(ExtensibilityGlobals) = postSolution
		SolutionGuid = {79EED19E-6C04-497E-AE45-4143C6ACBB81}
	EndGlobalSection
EndGlobal
